
Microsoft Visual Studio Solution File, Format Version 10.00
# Visual Studio 2008
Project("{FAE04EC0-301F-11D3-BF4B-00C04F79EFBC}") = "System.Web.Mvc", "src\SystemWebMvc\System.Web.Mvc.csproj", "{3D3FFD8A-624D-4E9B-954B-E1C105507975}"
EndProject
Project("{FAE04EC0-301F-11D3-BF4B-00C04F79EFBC}") = "System.Web.Mvc.Test", "test\SystemWebMvcTest\System.Web.Mvc.Test.csproj", "{8AC2A2E4-2F11-4D40-A887-62E2583A65E6}"
EndProject
Project("{FAE04EC0-301F-11D3-BF4B-00C04F79EFBC}") = "UnitTestUtil", "test\UnitTestUtil\UnitTestUtil.csproj", "{57FFC134-7F9D-4B97-8692-8D2C16714663}"
EndProject
Project("{FAE04EC0-301F-11D3-BF4B-00C04F79EFBC}") = "MvcFutures", "src\MvcFutures\MvcFutures.csproj", "{D3CF7430-6DA4-42B0-BD90-CA39D16687B2}"
EndProject
Project("{FAE04EC0-301F-11D3-BF4B-00C04F79EFBC}") = "MvcFuturesTest", "test\MvcFuturesTest\MvcFuturesTest.csproj", "{6C28DA70-60F1-4442-967F-591BF3962EC5}"
EndProject
Project("{FAE04EC0-301F-11D3-BF4B-00C04F79EFBC}") = "MicrosoftMvcAjaxScript", "src\MicrosoftMvcAjaxScript\MicrosoftMvcAjaxScript.csproj", "{256C18D8-0A46-4DEC-A9D6-D8073D15F453}"
EndProject
Project("{FAE04EC0-301F-11D3-BF4B-00C04F79EFBC}") = "MvcBuildTasks", "src\MvcBuildTasks\MvcBuildTasks.csproj", "{A23646B5-9365-4007-85D3-F7D9A04EE916}"
EndProject
Project("{FAE04EC0-301F-11D3-BF4B-00C04F79EFBC}") = "MvcBuildTasksTest", "test\MvcBuildTasksTest\MvcBuildTasksTest.csproj", "{44D03EF0-08CE-4ADE-A7E0-445090023FA7}"
EndProject
Project("{FAE04EC0-301F-11D3-BF4B-00C04F79EFBC}") = "MicrosoftMvcValidationScript", "src\MicrosoftMvcValidationScript\MicrosoftMvcValidationScript.csproj", "{83CAA00D-A07D-45FD-8CE3-3298CFF374CD}"
EndProject
Project("{FAE04EC0-301F-11D3-BF4B-00C04F79EFBC}") = "MvcFuturesFiles", "src\MvcFuturesFiles\MvcFuturesFiles.csproj", "{075BA018-DD6D-4077-96CA-D8640D888009}"
EndProject
Project("{2150E333-8FDC-42A3-9474-1A3956D46DE8}") = "Code Style Enforcer", "Code Style Enforcer", "{5291D1FF-A705-45E5-B246-03A58F38C905}"
	ProjectSection(SolutionItems) = preProject
		Code Style Enforcer\ImplementationRules.xml = Code Style Enforcer\ImplementationRules.xml
		Code Style Enforcer\NameRules.xml = Code Style Enforcer\NameRules.xml
		Code Style Enforcer\VisibilityRules.xml = Code Style Enforcer\VisibilityRules.xml
	EndProjectSection
EndProject
Global
	GlobalSection(SolutionConfigurationPlatforms) = preSolution
		Debug|Any CPU = Debug|Any CPU
		Release|Any CPU = Release|Any CPU
	EndGlobalSection
	GlobalSection(ProjectConfigurationPlatforms) = postSolution
		{3D3FFD8A-624D-4E9B-954B-E1C105507975}.Debug|Any CPU.ActiveCfg = Debug|Any CPU
		{3D3FFD8A-624D-4E9B-954B-E1C105507975}.Debug|Any CPU.Build.0 = Debug|Any CPU
		{3D3FFD8A-624D-4E9B-954B-E1C105507975}.Release|Any CPU.ActiveCfg = Release|Any CPU
		{3D3FFD8A-624D-4E9B-954B-E1C105507975}.Release|Any CPU.Build.0 = Release|Any CPU
		{8AC2A2E4-2F11-4D40-A887-62E2583A65E6}.Debug|Any CPU.ActiveCfg = Debug|Any CPU
		{8AC2A2E4-2F11-4D40-A887-62E2583A65E6}.Debug|Any CPU.Build.0 = Debug|Any CPU
		{8AC2A2E4-2F11-4D40-A887-62E2583A65E6}.Release|Any CPU.ActiveCfg = Release|Any CPU
		{8AC2A2E4-2F11-4D40-A887-62E2583A65E6}.Release|Any CPU.Build.0 = Release|Any CPU
		{57FFC134-7F9D-4B97-8692-8D2C16714663}.Debug|Any CPU.ActiveCfg = Debug|Any CPU
		{57FFC134-7F9D-4B97-8692-8D2C16714663}.Debug|Any CPU.Build.0 = Debug|Any CPU
		{57FFC134-7F9D-4B97-8692-8D2C16714663}.Release|Any CPU.ActiveCfg = Release|Any CPU
		{57FFC134-7F9D-4B97-8692-8D2C16714663}.Release|Any CPU.Build.0 = Release|Any CPU
		{D3CF7430-6DA4-42B0-BD90-CA39D16687B2}.Debug|Any CPU.ActiveCfg = Debug|Any CPU
		{D3CF7430-6DA4-42B0-BD90-CA39D16687B2}.Debug|Any CPU.Build.0 = Debug|Any CPU
		{D3CF7430-6DA4-42B0-BD90-CA39D16687B2}.Release|Any CPU.ActiveCfg = Release|Any CPU
		{D3CF7430-6DA4-42B0-BD90-CA39D16687B2}.Release|Any CPU.Build.0 = Release|Any CPU
		{6C28DA70-60F1-4442-967F-591BF3962EC5}.Debug|Any CPU.ActiveCfg = Debug|Any CPU
		{6C28DA70-60F1-4442-967F-591BF3962EC5}.Debug|Any CPU.Build.0 = Debug|Any CPU
		{6C28DA70-60F1-4442-967F-591BF3962EC5}.Release|Any CPU.ActiveCfg = Release|Any CPU
		{6C28DA70-60F1-4442-967F-591BF3962EC5}.Release|Any CPU.Build.0 = Release|Any CPU
		{256C18D8-0A46-4DEC-A9D6-D8073D15F453}.Debug|Any CPU.ActiveCfg = Debug|Any CPU
		{256C18D8-0A46-4DEC-A9D6-D8073D15F453}.Debug|Any CPU.Build.0 = Debug|Any CPU
		{256C18D8-0A46-4DEC-A9D6-D8073D15F453}.Release|Any CPU.ActiveCfg = Release|Any CPU
		{256C18D8-0A46-4DEC-A9D6-D8073D15F453}.Release|Any CPU.Build.0 = Release|Any CPU
		{A23646B5-9365-4007-85D3-F7D9A04EE916}.Debug|Any CPU.ActiveCfg = Debug|Any CPU
		{A23646B5-9365-4007-85D3-F7D9A04EE916}.Debug|Any CPU.Build.0 = Debug|Any CPU
		{A23646B5-9365-4007-85D3-F7D9A04EE916}.Release|Any CPU.ActiveCfg = Release|Any CPU
		{A23646B5-9365-4007-85D3-F7D9A04EE916}.Release|Any CPU.Build.0 = Release|Any CPU
		{44D03EF0-08CE-4ADE-A7E0-445090023FA7}.Debug|Any CPU.ActiveCfg = Debug|Any CPU
		{44D03EF0-08CE-4ADE-A7E0-445090023FA7}.Debug|Any CPU.Build.0 = Debug|Any CPU
		{44D03EF0-08CE-4ADE-A7E0-445090023FA7}.Release|Any CPU.ActiveCfg = Release|Any CPU
		{44D03EF0-08CE-4ADE-A7E0-445090023FA7}.Release|Any CPU.Build.0 = Release|Any CPU
		{83CAA00D-A07D-45FD-8CE3-3298CFF374CD}.Debug|Any CPU.ActiveCfg = Debug|Any CPU
		{83CAA00D-A07D-45FD-8CE3-3298CFF374CD}.Debug|Any CPU.Build.0 = Debug|Any CPU
		{83CAA00D-A07D-45FD-8CE3-3298CFF374CD}.Release|Any CPU.ActiveCfg = Release|Any CPU
		{83CAA00D-A07D-45FD-8CE3-3298CFF374CD}.Release|Any CPU.Build.0 = Release|Any CPU
		{075BA018-DD6D-4077-96CA-D8640D888009}.Debug|Any CPU.ActiveCfg = Debug|Any CPU
		{075BA018-DD6D-4077-96CA-D8640D888009}.Debug|Any CPU.Build.0 = Debug|Any CPU
		{075BA018-DD6D-4077-96CA-D8640D888009}.Release|Any CPU.ActiveCfg = Release|Any CPU
		{075BA018-DD6D-4077-96CA-D8640D888009}.Release|Any CPU.Build.0 = Release|Any CPU
	EndGlobalSection
	GlobalSection(SolutionProperties) = preSolution
		HideSolutionNode = FALSE
	EndGlobalSection
	GlobalSection(ExtensibilityGlobals) = postSolution
		CodeStyleEnforcer_RulesLocation = 1
		CodeStyleEnforcer_Active = -1
	EndGlobalSection
EndGlobal
